// !$*UTF8*$!
{
	archiveVersion = 1;
	classes = {
	};
	objectVersion = 46;
	objects = {

/* Begin PBXBuildFile section */
		638B4AE61EF808520063FE62 /* AppDelegate.swift in Sources */ = {isa = PBXBuildFile; fileRef = 638B4AE51EF808520063FE62 /* AppDelegate.swift */; };
		638B4AE81EF808520063FE62 /* ViewController.swift in Sources */ = {isa = PBXBuildFile; fileRef = 638B4AE71EF808520063FE62 /* ViewController.swift */; };
		638B4AEB1EF808520063FE62 /* Main.storyboard in Resources */ = {isa = PBXBuildFile; fileRef = 638B4AE91EF808520063FE62 /* Main.storyboard */; };
		638B4AED1EF808530063FE62 /* Assets.xcassets in Resources */ = {isa = PBXBuildFile; fileRef = 638B4AEC1EF808530063FE62 /* Assets.xcassets */; };
		638B4AF01EF808530063FE62 /* LaunchScreen.storyboard in Resources */ = {isa = PBXBuildFile; fileRef = 638B4AEE1EF808530063FE62 /* LaunchScreen.storyboard */; };
		638B4AF81EF80BDA0063FE62 /* ListViewController.swift in Sources */ = {isa = PBXBuildFile; fileRef = 638B4AF71EF80BDA0063FE62 /* ListViewController.swift */; };
		638B4AFA1EF817F00063FE62 /* ReviewViewController.swift in Sources */ = {isa = PBXBuildFile; fileRef = 638B4AF91EF817EF0063FE62 /* ReviewViewController.swift */; };
		638B4AFC1EF81C1B0063FE62 /* DetailViewController.swift in Sources */ = {isa = PBXBuildFile; fileRef = 638B4AFB1EF81C1B0063FE62 /* DetailViewController.swift */; };
		D9D4CD93434A3769BFA975D7 /* Pods_ReviewLogin.framework in Frameworks */ = {isa = PBXBuildFile; fileRef = 446E813265FE4B8203D356F6 /* Pods_ReviewLogin.framework */; };
/* End PBXBuildFile section */

/* Begin PBXFileReference section */
		446E813265FE4B8203D356F6 /* Pods_ReviewLogin.framework */ = {isa = PBXFileReference; explicitFileType = wrapper.framework; includeInIndex = 0; path = Pods_ReviewLogin.framework; sourceTree = BUILT_PRODUCTS_DIR; };
		62521260B0BB2C2D80D4D59F /* Pods-ReviewLogin.release.xcconfig */ = {isa = PBXFileReference; includeInIndex = 1; lastKnownFileType = text.xcconfig; name = "Pods-ReviewLogin.release.xcconfig"; path = "Pods/Target Support Files/Pods-ReviewLogin/Pods-ReviewLogin.release.xcconfig"; sourceTree = "<group>"; };
		638B4AE21EF808510063FE62 /* ReviewLogin.app */ = {isa = PBXFileReference; explicitFileType = wrapper.application; includeInIndex = 0; path = ReviewLogin.app; sourceTree = BUILT_PRODUCTS_DIR; };
		638B4AE51EF808520063FE62 /* AppDelegate.swift */ = {isa = PBXFileReference; lastKnownFileType = sourcecode.swift; path = AppDelegate.swift; sourceTree = "<group>"; };
		638B4AE71EF808520063FE62 /* ViewController.swift */ = {isa = PBXFileReference; lastKnownFileType = sourcecode.swift; path = ViewController.swift; sourceTree = "<group>"; };
		638B4AEA1EF808520063FE62 /* Base */ = {isa = PBXFileReference; lastKnownFileType = file.storyboard; name = Base; path = Base.lproj/Main.storyboard; sourceTree = "<group>"; };
		638B4AEC1EF808530063FE62 /* Assets.xcassets */ = {isa = PBXFileReference; lastKnownFileType = folder.assetcatalog; path = Assets.xcassets; sourceTree = "<group>"; };
		638B4AEF1EF808530063FE62 /* Base */ = {isa = PBXFileReference; lastKnownFileType = file.storyboard; name = Base; path = Base.lproj/LaunchScreen.storyboard; sourceTree = "<group>"; };
		638B4AF11EF808530063FE62 /* Info.plist */ = {isa = PBXFileReference; lastKnownFileType = text.plist.xml; path = Info.plist; sourceTree = "<group>"; };
		638B4AF71EF80BDA0063FE62 /* ListViewController.swift */ = {isa = PBXFileReference; fileEncoding = 4; lastKnownFileType = sourcecode.swift; path = ListViewController.swift; sourceTree = "<group>"; };
		638B4AF91EF817EF0063FE62 /* ReviewViewController.swift */ = {isa = PBXFileReference; fileEncoding = 4; lastKnownFileType = sourcecode.swift; path = ReviewViewController.swift; sourceTree = "<group>"; };
		638B4AFB1EF81C1B0063FE62 /* DetailViewController.swift */ = {isa = PBXFileReference; fileEncoding = 4; lastKnownFileType = sourcecode.swift; path = DetailViewController.swift; sourceTree = "<group>"; };
		BDF9411D2B740C084F353B60 /* Pods-ReviewLogin.debug.xcconfig */ = {isa = PBXFileReference; includeInIndex = 1; lastKnownFileType = text.xcconfig; name = "Pods-ReviewLogin.debug.xcconfig"; path = "Pods/Target Support Files/Pods-ReviewLogin/Pods-ReviewLogin.debug.xcconfig"; sourceTree = "<group>"; };
/* End PBXFileReference section */

/* Begin PBXFrameworksBuildPhase section */
		638B4ADF1EF808510063FE62 /* Frameworks */ = {
			isa = PBXFrameworksBuildPhase;
			buildActionMask = 2147483647;
			files = (
				D9D4CD93434A3769BFA975D7 /* Pods_ReviewLogin.framework in Frameworks */,
			);
			runOnlyForDeploymentPostprocessing = 0;
		};
/* End PBXFrameworksBuildPhase section */

/* Begin PBXGroup section */
		638B4AD91EF808510063FE62 = {
			isa = PBXGroup;
			children = (
				638B4AE41EF808520063FE62 /* ReviewLogin */,
				638B4AE31EF808510063FE62 /* Products */,
				7D619015A757622A1352E6FB /* Pods */,
				D7792DD9DD4AE56457E1ED2B /* Frameworks */,
			);
			sourceTree = "<group>";
		};
		638B4AE31EF808510063FE62 /* Products */ = {
			isa = PBXGroup;
			children = (
				638B4AE21EF808510063FE62 /* ReviewLogin.app */,
			);
			name = Products;
			sourceTree = "<group>";
		};
		638B4AE41EF808520063FE62 /* ReviewLogin */ = {
			isa = PBXGroup;
			children = (
				638B4AE51EF808520063FE62 /* AppDelegate.swift */,
				638B4AE71EF808520063FE62 /* ViewController.swift */,
				638B4AE91EF808520063FE62 /* Main.storyboard */,
				638B4AEC1EF808530063FE62 /* Assets.xcassets */,
				638B4AEE1EF808530063FE62 /* LaunchScreen.storyboard */,
				638B4AF11EF808530063FE62 /* Info.plist */,
				638B4AF71EF80BDA0063FE62 /* ListViewController.swift */,
				638B4AF91EF817EF0063FE62 /* ReviewViewController.swift */,
				638B4AFB1EF81C1B0063FE62 /* DetailViewController.swift */,
			);
			path = ReviewLogin;
			sourceTree = "<group>";
		};
		7D619015A757622A1352E6FB /* Pods */ = {
			isa = PBXGroup;
			children = (
				BDF9411D2B740C084F353B60 /* Pods-ReviewLogin.debug.xcconfig */,
				62521260B0BB2C2D80D4D59F /* Pods-ReviewLogin.release.xcconfig */,
			);
			name = Pods;
			sourceTree = "<group>";
		};
		D7792DD9DD4AE56457E1ED2B /* Frameworks */ = {
			isa = PBXGroup;
			children = (
				446E813265FE4B8203D356F6 /* Pods_ReviewLogin.framework */,
			);
			name = Frameworks;
			sourceTree = "<group>";
		};
/* End PBXGroup section */

/* Begin PBXNativeTarget section */
		638B4AE11EF808510063FE62 /* ReviewLogin */ = {
			isa = PBXNativeTarget;
			buildConfigurationList = 638B4AF41EF808530063FE62 /* Build configuration list for PBXNativeTarget "ReviewLogin" */;
			buildPhases = (
				AD19CE396C65C8EB3532CB3E /* [CP] Check Pods Manifest.lock */,
				638B4ADE1EF808510063FE62 /* Sources */,
				638B4ADF1EF808510063FE62 /* Frameworks */,
				638B4AE01EF808510063FE62 /* Resources */,
				1C35E0738A3DED47891554F4 /* [CP] Embed Pods Frameworks */,
				8662A043BFEBEC189DBE2755 /* [CP] Copy Pods Resources */,
			);
			buildRules = (
			);
			dependencies = (
			);
			name = ReviewLogin;
			productName = ReviewLogin;
			productReference = 638B4AE21EF808510063FE62 /* ReviewLogin.app */;
			productType = "com.apple.product-type.application";
		};
/* End PBXNativeTarget section */

/* Begin PBXProject section */
		638B4ADA1EF808510063FE62 /* Project object */ = {
			isa = PBXProject;
			attributes = {
				LastSwiftUpdateCheck = 0830;
				LastUpgradeCheck = 0830;
				ORGANIZATIONNAME = "mohit kotie mohit";
				TargetAttributes = {
					638B4AE11EF808510063FE62 = {
						CreatedOnToolsVersion = 8.3.2;
						ProvisioningStyle = Automatic;
					};
				};
			};
			buildConfigurationList = 638B4ADD1EF808510063FE62 /* Build configuration list for PBXProject "ReviewLogin" */;
			compatibilityVersion = "Xcode 3.2";
			developmentRegion = English;
			hasScannedForEncodings = 0;
			knownRegions = (
				en,
				Base,
			);
			mainGroup = 638B4AD91EF808510063FE62;
			productRefGroup = 638B4AE31EF808510063FE62 /* Products */;
			projectDirPath = "";
			projectRoot = "";
			targets = (
				638B4AE11EF808510063FE62 /* ReviewLogin */,
			);
		};
/* End PBXProject section */

/* Begin PBXResourcesBuildPhase section */
		638B4AE01EF808510063FE62 /* Resources */ = {
			isa = PBXResourcesBuildPhase;
			buildActionMask = 2147483647;
			files = (
				638B4AF01EF808530063FE62 /* LaunchScreen.storyboard in Resources */,
				638B4AED1EF808530063FE62 /* Assets.xcassets in Resources */,
				638B4AEB1EF808520063FE62 /* Main.storyboard in Resources */,
			);
			runOnlyForDeploymentPostprocessing = 0;
		};
/* End PBXResourcesBuildPhase section */

/* Begin PBXShellScriptBuildPhase section */
		1C35E0738A3DED47891554F4 /* [CP] Embed Pods Frameworks */ = {
			isa = PBXShellScriptBuildPhase;
			buildActionMask = 2147483647;
			files = (
			);
			inputPaths = (
			);
			name = "[CP] Embed Pods Frameworks";
			outputPaths = (
			);
			runOnlyForDeploymentPostprocessing = 0;
			shellPath = /bin/sh;
			shellScript = "\"${SRCROOT}/Pods/Target Support Files/Pods-ReviewLogin/Pods-ReviewLogin-frameworks.sh\"\n";
			showEnvVarsInLog = 0;
		};
		8662A043BFEBEC189DBE2755 /* [CP] Copy Pods Resources */ = {
			isa = PBXShellScriptBuildPhase;
			buildActionMask = 2147483647;
			files = (
			);
			inputPaths = (
			);
			name = "[CP] Copy Pods Resources";
			outputPaths = (
			);
			runOnlyForDeploymentPostprocessing = 0;
			shellPath = /bin/sh;
			shellScript = "\"${SRCROOT}/Pods/Target Support Files/Pods-ReviewLogin/Pods-ReviewLogin-resources.sh\"\n";
			showEnvVarsInLog = 0;
		};
		AD19CE396C65C8EB3532CB3E /* [CP] Check Pods Manifest.lock */ = {
			isa = PBXShellScriptBuildPhase;
			buildActionMask = 2147483647;
			files = (
			);
			inputPaths = (
			);
			name = "[CP] Check Pods Manifest.lock";
			outputPaths = (
			);
			runOnlyForDeploymentPostprocessing = 0;
			shellPath = /bin/sh;
			shellScript = "diff \"${PODS_PODFILE_DIR_PATH}/Podfile.lock\" \"${PODS_ROOT}/Manifest.lock\" > /dev/null\nif [ $? != 0 ] ; then\n    # print error to STDERR\n    echo \"error: The sandbox is not in sync with the Podfile.lock. Run 'pod install' or update your CocoaPods installation.\" >&2\n    exit 1\nfi\n";
			showEnvVarsInLog = 0;
		};
/* End PBXShellScriptBuildPhase section */

/* Begin PBXSourcesBuildPhase section */
		638B4ADE1EF808510063FE62 /* Sources */ = {
			isa = PBXSourcesBuildPhase;
			buildActionMask = 2147483647;
			files = (
				638B4AE81EF808520063FE62 /* ViewController.swift in Sources */,
				638B4AE61EF808520063FE62 /* AppDelegate.swift in Sources */,
				638B4AFC1EF81C1B0063FE62 /* DetailViewController.swift in Sources */,
				638B4AFA1EF817F00063FE62 /* ReviewViewController.swift in Sources */,
				638B4AF81EF80BDA0063FE62 /* ListViewController.swift in Sources */,
			);
			runOnlyForDeploymentPostprocessing = 0;
		};
/* End PBXSourcesBuildPhase section */

/* Begin PBXVariantGroup section */
		638B4AE91EF808520063FE62 /* Main.storyboard */ = {
			isa = PBXVariantGroup;
			children = (
				638B4AEA1EF808520063FE62 /* Base */,
			);
			name = Main.storyboard;
			sourceTree = "<group>";
		};
		638B4AEE1EF808530063FE62 /* LaunchScreen.storyboard */ = {
			isa = PBXVariantGroup;
			children = (
				638B4AEF1EF808530063FE62 /* Base */,
			);
			name = LaunchScreen.storyboard;
			sourceTree = "<group>";
		};
/* End PBXVariantGroup section */

/* Begin XCBuildConfiguration section */
		638B4AF21EF808530063FE62 /* Debug */ = {
			isa = XCBuildConfiguration;
			buildSettings = {
				ALWAYS_SEARCH_USER_PATHS = NO;
				CLANG_ANALYZER_NONNULL = YES;
				CLANG_ANALYZER_NUMBER_OBJECT_CONVERSION = YES_AGGRESSIVE;
				CLANG_CXX_LANGUAGE_STANDARD = "gnu++0x";
				CLANG_CXX_LIBRARY = "libc++";
				CLANG_ENABLE_MODULES = YES;
				CLANG_ENABLE_OBJC_ARC = YES;
				CLANG_WARN_BOOL_CONVERSION = YES;
				CLANG_WARN_CONSTANT_CONVERSION = YES;
				CLANG_WARN_DIRECT_OBJC_ISA_USAGE = YES_ERROR;
				CLANG_WARN_DOCUMENTATION_COMMENTS = YES;
				CLANG_WARN_EMPTY_BODY = YES;
				CLANG_WARN_ENUM_CONVERSION = YES;
				CLANG_WARN_INFINITE_RECURSION = YES;
				CLANG_WARN_INT_CONVERSION = YES;
				CLANG_WARN_OBJC_ROOT_CLASS = YES_ERROR;
				CLANG_WARN_SUSPICIOUS_MOVE = YES;
				CLANG_WARN_UNREACHABLE_CODE = YES;
				CLANG_WARN__DUPLICATE_METHOD_MATCH = YES;
				"CODE_SIGN_IDENTITY[sdk=iphoneos*]" = "iPhone Developer";
				COPY_PHASE_STRIP = NO;
				DEBUG_INFORMATION_FORMAT = dwarf;
				ENABLE_STRICT_OBJC_MSGSEND = YES;
				ENABLE_TESTABILITY = YES;
				GCC_C_LANGUAGE_STANDARD = gnu99;
				GCC_DYNAMIC_NO_PIC = NO;
				GCC_NO_COMMON_BLOCKS = YES;
				GCC_OPTIMIZATION_LEVEL = 0;
				GCC_PREPROCESSOR_DEFINITIONS = (
					"DEBUG=1",
					"$(inherited)",
				);
				GCC_WARN_64_TO_32_BIT_CONVERSION = YES;
				GCC_WARN_ABOUT_RETURN_TYPE = YES_ERROR;
				GCC_WARN_UNDECLARED_SELECTOR = YES;
				GCC_WARN_UNINITIALIZED_AUTOS = YES_AGGRESSIVE;
				GCC_WARN_UNUSED_FUNCTION = YES;
				GCC_WARN_UNUSED_VARIABLE = YES;
				IPHONEOS_DEPLOYMENT_TARGET = 10.3;
				MTL_ENABLE_DEBUG_INFO = YES;
				ONLY_ACTIVE_ARCH = YES;
				SDKROOT = iphoneos;
				SWIFT_ACTIVE_COMPILATION_CONDITIONS = DEBUG;
				SWIFT_OPTIMIZATION_LEVEL = "-Onone";
				TARGETED_DEVICE_FAMILY = "1,2";
			};
			name = Debug;
		};
		638B4AF31EF808530063FE62 /* Release */ = {
			isa = XCBuildConfiguration;
			buildSettings = {
				ALWAYS_SEARCH_USER_PATHS = NO;
				CLANG_ANALYZER_NONNULL = YES;
				CLANG_ANALYZER_NUMBER_OBJECT_CONVERSION = YES_AGGRESSIVE;
				CLANG_CXX_LANGUAGE_STANDARD = "gnu++0x";
				CLANG_CXX_LIBRARY = "libc++";
				CLANG_ENABLE_MODULES = YES;
				CLANG_ENABLE_OBJC_ARC = YES;
				CLANG_WARN_BOOL_CONVERSION = YES;
				CLANG_WARN_CONSTANT_CONVERSION = YES;
				CLANG_WARN_DIRECT_OBJC_ISA_USAGE = YES_ERROR;
				CLANG_WARN_DOCUMENTATION_COMMENTS = YES;
				CLANG_WARN_EMPTY_BODY = YES;
				CLANG_WARN_ENUM_CONVERSION = YES;
				CLANG_WARN_INFINITE_RECURSION = YES;
				CLANG_WARN_INT_CONVERSION = YES;
				CLANG_WARN_OBJC_ROOT_CLASS = YES_ERROR;
				CLANG_WARN_SUSPICIOUS_MOVE = YES;
				CLANG_WARN_UNREACHABLE_CODE = YES;
				CLANG_WARN__DUPLICATE_METHOD_MATCH = YES;
				"CODE_SIGN_IDENTITY[sdk=iphoneos*]" = "iPhone Developer";
				COPY_PHASE_STRIP = NO;
				DEBUG_INFORMATION_FORMAT = "dwarf-with-dsym";
				ENABLE_NS_ASSERTIONS = NO;
				ENABLE_STRICT_OBJC_MSGSEND = YES;
				GCC_C_LANGUAGE_STANDARD = gnu99;
				GCC_NO_COMMON_BLOCKS = YES;
				GCC_WARN_64_TO_32_BIT_CONVERSION = YES;
				GCC_WARN_ABOUT_RETURN_TYPE = YES_ERROR;
				GCC_WARN_UNDECLARED_SELECTOR = YES;
				GCC_WARN_UNINITIALIZED_AUTOS = YES_AGGRESSIVE;
				GCC_WARN_UNUSED_FUNCTION = YES;
				GCC_WARN_UNUSED_VARIABLE = YES;
				IPHONEOS_DEPLOYMENT_TARGET = 10.3;
				MTL_ENABLE_DEBUG_INFO = NO;
				SDKROOT = iphoneos;
				SWIFT_OPTIMIZATION_LEVEL = "-Owholemodule";
				TARGETED_DEVICE_FAMILY = "1,2";
				VALIDATE_PRODUCT = YES;
			};
			name = Release;
		};
		638B4AF51EF808530063FE62 /* Debug */ = {
			isa = XCBuildConfiguration;
			baseConfigurationReference = BDF9411D2B740C084F353B60 /* Pods-ReviewLogin.debug.xcconfig */;
			buildSettings = {
				ASSETCATALOG_COMPILER_APPICON_NAME = AppIcon;
				INFOPLIST_FILE = ReviewLogin/Info.plist;
				LD_RUNPATH_SEARCH_PATHS = "$(inherited) @executable_path/Frameworks";
				PRODUCT_BUNDLE_IDENTIFIER = smohit.ReviewLogin;
				PRODUCT_NAME = "$(TARGET_NAME)";
				SWIFT_VERSION = 3.0;
			};
			name = Debug;
		};
		638B4AF61EF808530063FE62 /* Release */ = {
			isa = XCBuildConfiguration;
			baseConfigurationReference = 62521260B0BB2C2D80D4D59F /* Pods-ReviewLogin.release.xcconfig */;
			buildSettings = {
				ASSETCATALOG_COMPILER_APPICON_NAME = AppIcon;
				INFOPLIST_FILE = ReviewLogin/Info.plist;
				LD_RUNPATH_SEARCH_PATHS = "$(inherited) @executable_path/Frameworks";
				PRODUCT_BUNDLE_IDENTIFIER = smohit.ReviewLogin;
				PRODUCT_NAME = "$(TARGET_NAME)";
				SWIFT_VERSION = 3.0;
			};
			name = Release;
		};
/* End XCBuildConfiguration section */

/* Begin XCConfigurationList section */
		638B4ADD1EF808510063FE62 /* Build configuration list for PBXProject "ReviewLogin" */ = {
			isa = XCConfigurationList;
			buildConfigurations = (
				638B4AF21EF808530063FE62 /* Debug */,
				638B4AF31EF808530063FE62 /* Release */,
			);
			defaultConfigurationIsVisible = 0;
			defaultConfigurationName = Release;
		};
		638B4AF41EF808530063FE62 /* Build configuration list for PBXNativeTarget "ReviewLogin" */ = {
			isa = XCConfigurationList;
			buildConfigurations = (
				638B4AF51EF808530063FE62 /* Debug */,
				638B4AF61EF808530063FE62 /* Release */,
			);
			defaultConfigurationIsVisible = 0;
			defaultConfigurationName = Release;
		};
/* End XCConfigurationList section */
	};
	rootObject = 638B4ADA1EF808510063FE62 /* Project object */;
}
